// !$*UTF8*$!
{
	archiveVersion = 1;
	classes = {
	};
	objectVersion = 50;
	objects = {

/* Begin PBXBuildFile section */
		4954B10325403D5700BD378F /* AppDelegate.swift in Sources */ = {isa = PBXBuildFile; fileRef = 4954B10225403D5700BD378F /* AppDelegate.swift */; };
		4954B10525403D5700BD378F /* SceneDelegate.swift in Sources */ = {isa = PBXBuildFile; fileRef = 4954B10425403D5700BD378F /* SceneDelegate.swift */; };
		4954B10725403D5700BD378F /* ViewController.swift in Sources */ = {isa = PBXBuildFile; fileRef = 4954B10625403D5700BD378F /* ViewController.swift */; };
		4954B10A25403D5700BD378F /* Main.storyboard in Resources */ = {isa = PBXBuildFile; fileRef = 4954B10825403D5700BD378F /* Main.storyboard */; };
		4954B10C25403D5B00BD378F /* Assets.xcassets in Resources */ = {isa = PBXBuildFile; fileRef = 4954B10B25403D5B00BD378F /* Assets.xcassets */; };
		4954B10F25403D5B00BD378F /* LaunchScreen.storyboard in Resources */ = {isa = PBXBuildFile; fileRef = 4954B10D25403D5B00BD378F /* LaunchScreen.storyboard */; };
		4954B11A25403D5B00BD378F /* SparrowToolboxTests.swift in Sources */ = {isa = PBXBuildFile; fileRef = 4954B11925403D5B00BD378F /* SparrowToolboxTests.swift */; };
		62775F9D421A95226CE453A9 /* Pods_SparrowToolbox.framework in Frameworks */ = {isa = PBXBuildFile; fileRef = 2C9D1AE32C2BBB00DEAE652D /* Pods_SparrowToolbox.framework */; };
		98A441BC50AF4670C637EE1F /* Pods_SparrowToolboxTests.framework in Frameworks */ = {isa = PBXBuildFile; fileRef = 7154C5EE6FAE92A611050288 /* Pods_SparrowToolboxTests.framework */; };
/* End PBXBuildFile section */

/* Begin PBXContainerItemProxy section */
		4954B11625403D5B00BD378F /* PBXContainerItemProxy */ = {
			isa = PBXContainerItemProxy;
			containerPortal = 4954B0F725403D5700BD378F /* Project object */;
			proxyType = 1;
			remoteGlobalIDString = 4954B0FE25403D5700BD378F;
			remoteInfo = SparrowToolbox;
		};
/* End PBXContainerItemProxy section */

/* Begin PBXFileReference section */
		2C9D1AE32C2BBB00DEAE652D /* Pods_SparrowToolbox.framework */ = {isa = PBXFileReference; explicitFileType = wrapper.framework; includeInIndex = 0; path = Pods_SparrowToolbox.framework; sourceTree = BUILT_PRODUCTS_DIR; };
		4028EFC5915CA27AC24800D2 /* Pods-SparrowToolbox.debug.xcconfig */ = {isa = PBXFileReference; includeInIndex = 1; lastKnownFileType = text.xcconfig; name = "Pods-SparrowToolbox.debug.xcconfig"; path = "Target Support Files/Pods-SparrowToolbox/Pods-SparrowToolbox.debug.xcconfig"; sourceTree = "<group>"; };
		4954B0FF25403D5700BD378F /* SparrowToolbox.app */ = {isa = PBXFileReference; explicitFileType = wrapper.application; includeInIndex = 0; path = SparrowToolbox.app; sourceTree = BUILT_PRODUCTS_DIR; };
		4954B10225403D5700BD378F /* AppDelegate.swift */ = {isa = PBXFileReference; lastKnownFileType = sourcecode.swift; path = AppDelegate.swift; sourceTree = "<group>"; };
		4954B10425403D5700BD378F /* SceneDelegate.swift */ = {isa = PBXFileReference; lastKnownFileType = sourcecode.swift; path = SceneDelegate.swift; sourceTree = "<group>"; };
		4954B10625403D5700BD378F /* ViewController.swift */ = {isa = PBXFileReference; lastKnownFileType = sourcecode.swift; path = ViewController.swift; sourceTree = "<group>"; };
		4954B10925403D5700BD378F /* Base */ = {isa = PBXFileReference; lastKnownFileType = file.storyboard; name = Base; path = Base.lproj/Main.storyboard; sourceTree = "<group>"; };
		4954B10B25403D5B00BD378F /* Assets.xcassets */ = {isa = PBXFileReference; lastKnownFileType = folder.assetcatalog; path = Assets.xcassets; sourceTree = "<group>"; };
		4954B10E25403D5B00BD378F /* Base */ = {isa = PBXFileReference; lastKnownFileType = file.storyboard; name = Base; path = Base.lproj/LaunchScreen.storyboard; sourceTree = "<group>"; };
		4954B11025403D5B00BD378F /* Info.plist */ = {isa = PBXFileReference; lastKnownFileType = text.plist.xml; path = Info.plist; sourceTree = "<group>"; };
		4954B11525403D5B00BD378F /* SparrowToolboxTests.xctest */ = {isa = PBXFileReference; explicitFileType = wrapper.cfbundle; includeInIndex = 0; path = SparrowToolboxTests.xctest; sourceTree = BUILT_PRODUCTS_DIR; };
		4954B11925403D5B00BD378F /* SparrowToolboxTests.swift */ = {isa = PBXFileReference; lastKnownFileType = sourcecode.swift; path = SparrowToolboxTests.swift; sourceTree = "<group>"; };
		4954B11B25403D5B00BD378F /* Info.plist */ = {isa = PBXFileReference; lastKnownFileType = text.plist.xml; path = Info.plist; sourceTree = "<group>"; };
		7154C5EE6FAE92A611050288 /* Pods_SparrowToolboxTests.framework */ = {isa = PBXFileReference; explicitFileType = wrapper.framework; includeInIndex = 0; path = Pods_SparrowToolboxTests.framework; sourceTree = BUILT_PRODUCTS_DIR; };
		7C382C34B0AB57E5C47F5FB3 /* Pods-SparrowToolboxTests.release.xcconfig */ = {isa = PBXFileReference; includeInIndex = 1; lastKnownFileType = text.xcconfig; name = "Pods-SparrowToolboxTests.release.xcconfig"; path = "Target Support Files/Pods-SparrowToolboxTests/Pods-SparrowToolboxTests.release.xcconfig"; sourceTree = "<group>"; };
		A63D002D4AAEDA03BB45173B /* Pods-SparrowToolbox.release.xcconfig */ = {isa = PBXFileReference; includeInIndex = 1; lastKnownFileType = text.xcconfig; name = "Pods-SparrowToolbox.release.xcconfig"; path = "Target Support Files/Pods-SparrowToolbox/Pods-SparrowToolbox.release.xcconfig"; sourceTree = "<group>"; };
		FF710761B562ED8F448EA8A9 /* Pods-SparrowToolboxTests.debug.xcconfig */ = {isa = PBXFileReference; includeInIndex = 1; lastKnownFileType = text.xcconfig; name = "Pods-SparrowToolboxTests.debug.xcconfig"; path = "Target Support Files/Pods-SparrowToolboxTests/Pods-SparrowToolboxTests.debug.xcconfig"; sourceTree = "<group>"; };
/* End PBXFileReference section */

/* Begin PBXFrameworksBuildPhase section */
		4954B0FC25403D5700BD378F /* Frameworks */ = {
			isa = PBXFrameworksBuildPhase;
			buildActionMask = 2147483647;
			files = (
				62775F9D421A95226CE453A9 /* Pods_SparrowToolbox.framework in Frameworks */,
			);
			runOnlyForDeploymentPostprocessing = 0;
		};
		4954B11225403D5B00BD378F /* Frameworks */ = {
			isa = PBXFrameworksBuildPhase;
			buildActionMask = 2147483647;
			files = (
				98A441BC50AF4670C637EE1F /* Pods_SparrowToolboxTests.framework in Frameworks */,
			);
			runOnlyForDeploymentPostprocessing = 0;
		};
/* End PBXFrameworksBuildPhase section */

/* Begin PBXGroup section */
		08EFAACC2BF468E1789D5151 /* Frameworks */ = {
			isa = PBXGroup;
			children = (
				2C9D1AE32C2BBB00DEAE652D /* Pods_SparrowToolbox.framework */,
				7154C5EE6FAE92A611050288 /* Pods_SparrowToolboxTests.framework */,
			);
			name = Frameworks;
			sourceTree = "<group>";
		};
		4954B0F625403D5700BD378F = {
			isa = PBXGroup;
			children = (
				4954B10125403D5700BD378F /* SparrowToolbox */,
				4954B11825403D5B00BD378F /* SparrowToolboxTests */,
				4954B10025403D5700BD378F /* Products */,
				F4CD7F908F1B1D034F813D23 /* Pods */,
				08EFAACC2BF468E1789D5151 /* Frameworks */,
			);
			sourceTree = "<group>";
		};
		4954B10025403D5700BD378F /* Products */ = {
			isa = PBXGroup;
			children = (
				4954B0FF25403D5700BD378F /* SparrowToolbox.app */,
				4954B11525403D5B00BD378F /* SparrowToolboxTests.xctest */,
			);
			name = Products;
			sourceTree = "<group>";
		};
		4954B10125403D5700BD378F /* SparrowToolbox */ = {
			isa = PBXGroup;
			children = (
				4954B10225403D5700BD378F /* AppDelegate.swift */,
				4954B10425403D5700BD378F /* SceneDelegate.swift */,
				4954B10625403D5700BD378F /* ViewController.swift */,
				4954B10825403D5700BD378F /* Main.storyboard */,
				4954B10B25403D5B00BD378F /* Assets.xcassets */,
				4954B10D25403D5B00BD378F /* LaunchScreen.storyboard */,
				4954B11025403D5B00BD378F /* Info.plist */,
			);
			path = SparrowToolbox;
			sourceTree = "<group>";
		};
		4954B11825403D5B00BD378F /* SparrowToolboxTests */ = {
			isa = PBXGroup;
			children = (
				4954B11925403D5B00BD378F /* SparrowToolboxTests.swift */,
				4954B11B25403D5B00BD378F /* Info.plist */,
			);
			path = SparrowToolboxTests;
			sourceTree = "<group>";
		};
		F4CD7F908F1B1D034F813D23 /* Pods */ = {
			isa = PBXGroup;
			children = (
				4028EFC5915CA27AC24800D2 /* Pods-SparrowToolbox.debug.xcconfig */,
				A63D002D4AAEDA03BB45173B /* Pods-SparrowToolbox.release.xcconfig */,
				FF710761B562ED8F448EA8A9 /* Pods-SparrowToolboxTests.debug.xcconfig */,
				7C382C34B0AB57E5C47F5FB3 /* Pods-SparrowToolboxTests.release.xcconfig */,
			);
			name = Pods;
			path = Pods;
			sourceTree = "<group>";
		};
/* End PBXGroup section */

/* Begin PBXNativeTarget section */
		4954B0FE25403D5700BD378F /* SparrowToolbox */ = {
			isa = PBXNativeTarget;
			buildConfigurationList = 4954B11E25403D5B00BD378F /* Build configuration list for PBXNativeTarget "SparrowToolbox" */;
			buildPhases = (
				444158B41D4F1E2FD1BC92B6 /* [CP] Check Pods Manifest.lock */,
				4954B0FB25403D5700BD378F /* Sources */,
				4954B0FC25403D5700BD378F /* Frameworks */,
				4954B0FD25403D5700BD378F /* Resources */,
			);
			buildRules = (
			);
			dependencies = (
			);
			name = SparrowToolbox;
			productName = SparrowToolbox;
			productReference = 4954B0FF25403D5700BD378F /* SparrowToolbox.app */;
			productType = "com.apple.product-type.application";
		};
		4954B11425403D5B00BD378F /* SparrowToolboxTests */ = {
			isa = PBXNativeTarget;
			buildConfigurationList = 4954B12125403D5B00BD378F /* Build configuration list for PBXNativeTarget "SparrowToolboxTests" */;
			buildPhases = (
				51FDCB4893CF1EA7F76E0821 /* [CP] Check Pods Manifest.lock */,
				4954B11125403D5B00BD378F /* Sources */,
				4954B11225403D5B00BD378F /* Frameworks */,
				4954B11325403D5B00BD378F /* Resources */,
			);
			buildRules = (
			);
			dependencies = (
				4954B11725403D5B00BD378F /* PBXTargetDependency */,
			);
			name = SparrowToolboxTests;
			productName = SparrowToolboxTests;
			productReference = 4954B11525403D5B00BD378F /* SparrowToolboxTests.xctest */;
			productType = "com.apple.product-type.bundle.unit-test";
		};
/* End PBXNativeTarget section */

/* Begin PBXProject section */
		4954B0F725403D5700BD378F /* Project object */ = {
			isa = PBXProject;
			attributes = {
				LastSwiftUpdateCheck = 1150;
				LastUpgradeCheck = 1150;
				ORGANIZATIONNAME = SparrowStudio;
				TargetAttributes = {
					4954B0FE25403D5700BD378F = {
						CreatedOnToolsVersion = 11.5;
					};
					4954B11425403D5B00BD378F = {
						CreatedOnToolsVersion = 11.5;
						TestTargetID = 4954B0FE25403D5700BD378F;
					};
				};
			};
			buildConfigurationList = 4954B0FA25403D5700BD378F /* Build configuration list for PBXProject "SparrowToolbox" */;
			compatibilityVersion = "Xcode 9.3";
			developmentRegion = en;
			hasScannedForEncodings = 0;
			knownRegions = (
				en,
				Base,
			);
			mainGroup = 4954B0F625403D5700BD378F;
			productRefGroup = 4954B10025403D5700BD378F /* Products */;
			projectDirPath = "";
			projectRoot = "";
			targets = (
				4954B0FE25403D5700BD378F /* SparrowToolbox */,
				4954B11425403D5B00BD378F /* SparrowToolboxTests */,
			);
		};
/* End PBXProject section */

/* Begin PBXResourcesBuildPhase section */
		4954B0FD25403D5700BD378F /* Resources */ = {
			isa = PBXResourcesBuildPhase;
			buildActionMask = 2147483647;
			files = (
				4954B10F25403D5B00BD378F /* LaunchScreen.storyboard in Resources */,
				4954B10C25403D5B00BD378F /* Assets.xcassets in Resources */,
				4954B10A25403D5700BD378F /* Main.storyboard in Resources */,
			);
			runOnlyForDeploymentPostprocessing = 0;
		};
		4954B11325403D5B00BD378F /* Resources */ = {
			isa = PBXResourcesBuildPhase;
			buildActionMask = 2147483647;
			files = (
			);
			runOnlyForDeploymentPostprocessing = 0;
		};
/* End PBXResourcesBuildPhase section */

/* Begin PBXShellScriptBuildPhase section */
		444158B41D4F1E2FD1BC92B6 /* [CP] Check Pods Manifest.lock */ = {
			isa = PBXShellScriptBuildPhase;
			buildActionMask = 2147483647;
			files = (
			);
			inputFileListPaths = (
			);
			inputPaths = (
				"${PODS_PODFILE_DIR_PATH}/Podfile.lock",
				"${PODS_ROOT}/Manifest.lock",
			);
			name = "[CP] Check Pods Manifest.lock";
			outputFileListPaths = (
			);
			outputPaths = (
				"$(DERIVED_FILE_DIR)/Pods-SparrowToolbox-checkManifestLockResult.txt",
			);
			runOnlyForDeploymentPostprocessing = 0;
			shellPath = /bin/sh;
			shellScript = "diff \"${PODS_PODFILE_DIR_PATH}/Podfile.lock\" \"${PODS_ROOT}/Manifest.lock\" > /dev/null\nif [ $? != 0 ] ; then\n    # print error to STDERR\n    echo \"error: The sandbox is not in sync with the Podfile.lock. Run 'pod install' or update your CocoaPods installation.\" >&2\n    exit 1\nfi\n# This output is used by Xcode 'outputs' to avoid re-running this script phase.\necho \"SUCCESS\" > \"${SCRIPT_OUTPUT_FILE_0}\"\n";
			showEnvVarsInLog = 0;
		};
		51FDCB4893CF1EA7F76E0821 /* [CP] Check Pods Manifest.lock */ = {
			isa = PBXShellScriptBuildPhase;
			buildActionMask = 2147483647;
			files = (
			);
			inputFileListPaths = (
			);
			inputPaths = (
				"${PODS_PODFILE_DIR_PATH}/Podfile.lock",
				"${PODS_ROOT}/Manifest.lock",
			);
			name = "[CP] Check Pods Manifest.lock";
			outputFileListPaths = (
			);
			outputPaths = (
				"$(DERIVED_FILE_DIR)/Pods-SparrowToolboxTests-checkManifestLockResult.txt",
			);
			runOnlyForDeploymentPostprocessing = 0;
			shellPath = /bin/sh;
			shellScript = "diff \"${PODS_PODFILE_DIR_PATH}/Podfile.lock\" \"${PODS_ROOT}/Manifest.lock\" > /dev/null\nif [ $? != 0 ] ; then\n    # print error to STDERR\n    echo \"error: The sandbox is not in sync with the Podfile.lock. Run 'pod install' or update your CocoaPods installation.\" >&2\n    exit 1\nfi\n# This output is used by Xcode 'outputs' to avoid re-running this script phase.\necho \"SUCCESS\" > \"${SCRIPT_OUTPUT_FILE_0}\"\n";
			showEnvVarsInLog = 0;
		};
/* End PBXShellScriptBuildPhase section */

/* Begin PBXSourcesBuildPhase section */
		4954B0FB25403D5700BD378F /* Sources */ = {
			isa = PBXSourcesBuildPhase;
			buildActionMask = 2147483647;
			files = (
				4954B10725403D5700BD378F /* ViewController.swift in Sources */,
				4954B10325403D5700BD378F /* AppDelegate.swift in Sources */,
				4954B10525403D5700BD378F /* SceneDelegate.swift in Sources */,
			);
			runOnlyForDeploymentPostprocessing = 0;
		};
		4954B11125403D5B00BD378F /* Sources */ = {
			isa = PBXSourcesBuildPhase;
			buildActionMask = 2147483647;
			files = (
				4954B11A25403D5B00BD378F /* SparrowToolboxTests.swift in Sources */,
			);
			runOnlyForDeploymentPostprocessing = 0;
		};
/* End PBXSourcesBuildPhase section */

/* Begin PBXTargetDependency section */
		4954B11725403D5B00BD378F /* PBXTargetDependency */ = {
			isa = PBXTargetDependency;
			target = 4954B0FE25403D5700BD378F /* SparrowToolbox */;
			targetProxy = 4954B11625403D5B00BD378F /* PBXContainerItemProxy */;
		};
/* End PBXTargetDependency section */

/* Begin PBXVariantGroup section */
		4954B10825403D5700BD378F /* Main.storyboard */ = {
			isa = PBXVariantGroup;
			children = (
				4954B10925403D5700BD378F /* Base */,
			);
			name = Main.storyboard;
			sourceTree = "<group>";
		};
		4954B10D25403D5B00BD378F /* LaunchScreen.storyboard */ = {
			isa = PBXVariantGroup;
			children = (
				4954B10E25403D5B00BD378F /* Base */,
			);
			name = LaunchScreen.storyboard;
			sourceTree = "<group>";
		};
/* End PBXVariantGroup section */

/* Begin XCBuildConfiguration section */
		4954B11C25403D5B00BD378F /* Debug */ = {
			isa = XCBuildConfiguration;
			buildSettings = {
				ALWAYS_SEARCH_USER_PATHS = NO;
				CLANG_ANALYZER_NONNULL = YES;
				CLANG_ANALYZER_NUMBER_OBJECT_CONVERSION = YES_AGGRESSIVE;
				CLANG_CXX_LANGUAGE_STANDARD = "gnu++14";
				CLANG_CXX_LIBRARY = "libc++";
				CLANG_ENABLE_MODULES = YES;
				CLANG_ENABLE_OBJC_ARC = YES;
				CLANG_ENABLE_OBJC_WEAK = YES;
				CLANG_WARN_BLOCK_CAPTURE_AUTORELEASING = YES;
				CLANG_WARN_BOOL_CONVERSION = YES;
				CLANG_WARN_COMMA = YES;
				CLANG_WARN_CONSTANT_CONVERSION = YES;
				CLANG_WARN_DEPRECATED_OBJC_IMPLEMENTATIONS = YES;
				CLANG_WARN_DIRECT_OBJC_ISA_USAGE = YES_ERROR;
				CLANG_WARN_DOCUMENTATION_COMMENTS = YES;
				CLANG_WARN_EMPTY_BODY = YES;
				CLANG_WARN_ENUM_CONVERSION = YES;
				CLANG_WARN_INFINITE_RECURSION = YES;
				CLANG_WARN_INT_CONVERSION = YES;
				CLANG_WARN_NON_LITERAL_NULL_CONVERSION = YES;
				CLANG_WARN_OBJC_IMPLICIT_RETAIN_SELF = YES;
				CLANG_WARN_OBJC_LITERAL_CONVERSION = YES;
				CLANG_WARN_OBJC_ROOT_CLASS = YES_ERROR;
				CLANG_WARN_RANGE_LOOP_ANALYSIS = YES;
				CLANG_WARN_STRICT_PROTOTYPES = YES;
				CLANG_WARN_SUSPICIOUS_MOVE = YES;
				CLANG_WARN_UNGUARDED_AVAILABILITY = YES_AGGRESSIVE;
				CLANG_WARN_UNREACHABLE_CODE = YES;
				CLANG_WARN__DUPLICATE_METHOD_MATCH = YES;
				COPY_PHASE_STRIP = NO;
				DEBUG_INFORMATION_FORMAT = dwarf;
				ENABLE_STRICT_OBJC_MSGSEND = YES;
				ENABLE_TESTABILITY = YES;
				GCC_C_LANGUAGE_STANDARD = gnu11;
				GCC_DYNAMIC_NO_PIC = NO;
				GCC_NO_COMMON_BLOCKS = YES;
				GCC_OPTIMIZATION_LEVEL = 0;
				GCC_PREPROCESSOR_DEFINITIONS = (
					"DEBUG=1",
					"$(inherited)",
				);
				GCC_WARN_64_TO_32_BIT_CONVERSION = YES;
				GCC_WARN_ABOUT_RETURN_TYPE = YES_ERROR;
				GCC_WARN_UNDECLARED_SELECTOR = YES;
				GCC_WARN_UNINITIALIZED_AUTOS = YES_AGGRESSIVE;
				GCC_WARN_UNUSED_FUNCTION = YES;
				GCC_WARN_UNUSED_VARIABLE = YES;
				IPHONEOS_DEPLOYMENT_TARGET = 13.0;
				MTL_ENABLE_DEBUG_INFO = INCLUDE_SOURCE;
				MTL_FAST_MATH = YES;
				ONLY_ACTIVE_ARCH = YES;
				SDKROOT = iphoneos;
				SWIFT_ACTIVE_COMPILATION_CONDITIONS = DEBUG;
				SWIFT_OPTIMIZATION_LEVEL = "-Onone";
			};
			name = Debug;
		};
		4954B11D25403D5B00BD378F /* Release */ = {
			isa = XCBuildConfiguration;
			buildSettings = {
				ALWAYS_SEARCH_USER_PATHS = NO;
				CLANG_ANALYZER_NONNULL = YES;
				CLANG_ANALYZER_NUMBER_OBJECT_CONVERSION = YES_AGGRESSIVE;
				CLANG_CXX_LANGUAGE_STANDARD = "gnu++14";
				CLANG_CXX_LIBRARY = "libc++";
				CLANG_ENABLE_MODULES = YES;
				CLANG_ENABLE_OBJC_ARC = YES;
				CLANG_ENABLE_OBJC_WEAK = YES;
				CLANG_WARN_BLOCK_CAPTURE_AUTORELEASING = YES;
				CLANG_WARN_BOOL_CONVERSION = YES;
				CLANG_WARN_COMMA = YES;
				CLANG_WARN_CONSTANT_CONVERSION = YES;
				CLANG_WARN_DEPRECATED_OBJC_IMPLEMENTATIONS = YES;
				CLANG_WARN_DIRECT_OBJC_ISA_USAGE = YES_ERROR;
				CLANG_WARN_DOCUMENTATION_COMMENTS = YES;
				CLANG_WARN_EMPTY_BODY = YES;
				CLANG_WARN_ENUM_CONVERSION = YES;
				CLANG_WARN_INFINITE_RECURSION = YES;
				CLANG_WARN_INT_CONVERSION = YES;
				CLANG_WARN_NON_LITERAL_NULL_CONVERSION = YES;
				CLANG_WARN_OBJC_IMPLICIT_RETAIN_SELF = YES;
				CLANG_WARN_OBJC_LITERAL_CONVERSION = YES;
				CLANG_WARN_OBJC_ROOT_CLASS = YES_ERROR;
				CLANG_WARN_RANGE_LOOP_ANALYSIS = YES;
				CLANG_WARN_STRICT_PROTOTYPES = YES;
				CLANG_WARN_SUSPICIOUS_MOVE = YES;
				CLANG_WARN_UNGUARDED_AVAILABILITY = YES_AGGRESSIVE;
				CLANG_WARN_UNREACHABLE_CODE = YES;
				CLANG_WARN__DUPLICATE_METHOD_MATCH = YES;
				COPY_PHASE_STRIP = NO;
				DEBUG_INFORMATION_FORMAT = "dwarf-with-dsym";
				ENABLE_NS_ASSERTIONS = NO;
				ENABLE_STRICT_OBJC_MSGSEND = YES;
				GCC_C_LANGUAGE_STANDARD = gnu11;
				GCC_NO_COMMON_BLOCKS = YES;
				GCC_WARN_64_TO_32_BIT_CONVERSION = YES;
				GCC_WARN_ABOUT_RETURN_TYPE = YES_ERROR;
				GCC_WARN_UNDECLARED_SELECTOR = YES;
				GCC_WARN_UNINITIALIZED_AUTOS = YES_AGGRESSIVE;
				GCC_WARN_UNUSED_FUNCTION = YES;
				GCC_WARN_UNUSED_VARIABLE = YES;
				IPHONEOS_DEPLOYMENT_TARGET = 13.0;
				MTL_ENABLE_DEBUG_INFO = NO;
				MTL_FAST_MATH = YES;
				SDKROOT = iphoneos;
				SWIFT_COMPILATION_MODE = wholemodule;
				SWIFT_OPTIMIZATION_LEVEL = "-O";
				VALIDATE_PRODUCT = YES;
			};
			name = Release;
		};
		4954B11F25403D5B00BD378F /* Debug */ = {
			isa = XCBuildConfiguration;
			baseConfigurationReference = 4028EFC5915CA27AC24800D2 /* Pods-SparrowToolbox.debug.xcconfig */;
			buildSettings = {
				ASSETCATALOG_COMPILER_APPICON_NAME = AppIcon;
				CODE_SIGN_STYLE = Automatic;
				CURRENT_PROJECT_VERSION = 0.0.1.2020102101;
				DEVELOPMENT_TEAM = 6556MVJ87G;
				INFOPLIST_FILE = SparrowToolbox/Info.plist;
				LD_RUNPATH_SEARCH_PATHS = (
					"$(inherited)",
					"@executable_path/Frameworks",
				);
				MARKETING_VERSION = 0.0.1;
				PRODUCT_BUNDLE_IDENTIFIER = SparrowStudio.SparrowToolbox;
				PRODUCT_NAME = "$(TARGET_NAME)";
				SWIFT_VERSION = 5.0;
				TARGETED_DEVICE_FAMILY = 1;
			};
			name = Debug;
		};
		4954B12025403D5B00BD378F /* Release */ = {
			isa = XCBuildConfiguration;
			baseConfigurationReference = A63D002D4AAEDA03BB45173B /* Pods-SparrowToolbox.release.xcconfig */;
			buildSettings = {
				ASSETCATALOG_COMPILER_APPICON_NAME = AppIcon;
				CODE_SIGN_STYLE = Automatic;
				CURRENT_PROJECT_VERSION = 0.0.1.2020102101;
				DEVELOPMENT_TEAM = 6556MVJ87G;
				INFOPLIST_FILE = SparrowToolbox/Info.plist;
				LD_RUNPATH_SEARCH_PATHS = (
					"$(inherited)",
					"@executable_path/Frameworks",
				);
				MARKETING_VERSION = 0.0.1;
				PRODUCT_BUNDLE_IDENTIFIER = SparrowStudio.SparrowToolbox;
				PRODUCT_NAME = "$(TARGET_NAME)";
				SWIFT_VERSION = 5.0;
				TARGETED_DEVICE_FAMILY = 1;
			};
			name = Release;
		};
		4954B12225403D5B00BD378F /* Debug */ = {
			isa = XCBuildConfiguration;
			baseConfigurationReference = FF710761B562ED8F448EA8A9 /* Pods-SparrowToolboxTests.debug.xcconfig */;
			buildSettings = {
				ALWAYS_EMBED_SWIFT_STANDARD_LIBRARIES = YES;
				BUNDLE_LOADER = "$(TEST_HOST)";
				CODE_SIGN_STYLE = Automatic;
				DEVELOPMENT_TEAM = 6556MVJ87G;
				INFOPLIST_FILE = SparrowToolboxTests/Info.plist;
				IPHONEOS_DEPLOYMENT_TARGET = 13.5;
				LD_RUNPATH_SEARCH_PATHS = (
					"$(inherited)",
					"@executable_path/Frameworks",
					"@loader_path/Frameworks",
				);
				PRODUCT_BUNDLE_IDENTIFIER = SparrowStudio.SparrowToolboxTests;
				PRODUCT_NAME = "$(TARGET_NAME)";
				SWIFT_VERSION = 5.0;
				TARGETED_DEVICE_FAMILY = "1,2";
				TEST_HOST = "$(BUILT_PRODUCTS_DIR)/SparrowToolbox.app/SparrowToolbox";
			};
			name = Debug;
		};
		4954B12325403D5B00BD378F /* Release */ = {
			isa = XCBuildConfiguration;
			baseConfigurationReference = 7C382C34B0AB57E5C47F5FB3 /* Pods-SparrowToolboxTests.release.xcconfig */;
			buildSettings = {
				ALWAYS_EMBED_SWIFT_STANDARD_LIBRARIES = YES;
				BUNDLE_LOADER = "$(TEST_HOST)";
				CODE_SIGN_STYLE = Automatic;
				DEVELOPMENT_TEAM = 6556MVJ87G;
				INFOPLIST_FILE = SparrowToolboxTests/Info.plist;
				IPHONEOS_DEPLOYMENT_TARGET = 13.5;
				LD_RUNPATH_SEARCH_PATHS = (
					"$(inherited)",
					"@executable_path/Frameworks",
					"@loader_path/Frameworks",
				);
				PRODUCT_BUNDLE_IDENTIFIER = SparrowStudio.SparrowToolboxTests;
				PRODUCT_NAME = "$(TARGET_NAME)";
				SWIFT_VERSION = 5.0;
				TARGETED_DEVICE_FAMILY = "1,2";
				TEST_HOST = "$(BUILT_PRODUCTS_DIR)/SparrowToolbox.app/SparrowToolbox";
			};
			name = Release;
		};
/* End XCBuildConfiguration section */

/* Begin XCConfigurationList section */
		4954B0FA25403D5700BD378F /* Build configuration list for PBXProject "SparrowToolbox" */ = {
			isa = XCConfigurationList;
			buildConfigurations = (
				4954B11C25403D5B00BD378F /* Debug */,
				4954B11D25403D5B00BD378F /* Release */,
			);
			defaultConfigurationIsVisible = 0;
			defaultConfigurationName = Release;
		};
		4954B11E25403D5B00BD378F /* Build configuration list for PBXNativeTarget "SparrowToolbox" */ = {
			isa = XCConfigurationList;
			buildConfigurations = (
				4954B11F25403D5B00BD378F /* Debug */,
				4954B12025403D5B00BD378F /* Release */,
			);
			defaultConfigurationIsVisible = 0;
			defaultConfigurationName = Release;
		};
		4954B12125403D5B00BD378F /* Build configuration list for PBXNativeTarget "SparrowToolboxTests" */ = {
			isa = XCConfigurationList;
			buildConfigurations = (
				4954B12225403D5B00BD378F /* Debug */,
				4954B12325403D5B00BD378F /* Release */,
			);
			defaultConfigurationIsVisible = 0;
			defaultConfigurationName = Release;
		};
/* End XCConfigurationList section */
	};
	rootObject = 4954B0F725403D5700BD378F /* Project object */;
}
